
Microsoft Visual Studio Solution File, Format Version 12.00
# Visual Studio Version 17
VisualStudioVersion = 17.11.35219.272
MinimumVisualStudioVersion = 10.0.40219.1
Project("{FAE04EC0-301F-11D3-BF4B-00C04F79EFBC}") = "WpfApp1", "WpfApp1.csproj", "{B08D5BEE-6A18-4103-865C-56CB3448B749}"
EndProject
Global
	GlobalSection(SolutionConfigurationPlatforms) = preSolution
		Debug|Any CPU = Debug|Any CPU
		Release|Any CPU = Release|Any CPU
	EndGlobalSection
	GlobalSection(ProjectConfigurationPlatforms) = postSolution
		{B08D5BEE-6A18-4103-865C-56CB3448B749}.Debug|Any CPU.ActiveCfg = Debug|Any CPU
		{B08D5BEE-6A18-4103-865C-56CB3448B749}.Debug|Any CPU.Build.0 = Debug|Any CPU
		{B08D5BEE-6A18-4103-865C-56CB3448B749}.Release|Any CPU.ActiveCfg = Release|Any CPU
		{B08D5BEE-6A18-4103-865C-56CB3448B749}.Release|Any CPU.Build.0 = Release|Any CPU
	EndGlobalSection
	GlobalSection(SolutionProperties) = preSolution
		HideSolutionNode = FALSE
	EndGlobalSection
	GlobalSection(ExtensibilityGlobals) = postSolution
		SolutionGuid = {F0FC8F17-6431-49CB-8398-F48F1C92D44F}
	EndGlobalSection
EndGlobal
